// !$*UTF8*$!
{
	archiveVersion = 1;
	classes = {
	};
	objectVersion = 77;
	objects = {

/* Begin PBXBuildFile section */
		100000000000000000000001 /* SuperRightApp.swift in Sources */ = {isa = PBXBuildFile; fileRef = 200000000000000000000001 /* SuperRightApp.swift */; };
		100000000000000000000002 /* SharedDefaults.swift in Sources */ = {isa = PBXBuildFile; fileRef = 200000000000000000000002 /* SharedDefaults.swift */; };
		100000000000000000000003 /* SettingsRootView.swift in Sources */ = {isa = PBXBuildFile; fileRef = 200000000000000000000003 /* SettingsRootView.swift */; };
		100000000000000000000004 /* Assets.xcassets in Resources */ = {isa = PBXBuildFile; fileRef = 200000000000000000000004 /* Assets.xcassets */; };
		100000000000000000000005 /* FinderSync.swift in Sources */ = {isa = PBXBuildFile; fileRef = 200000000000000000000005 /* FinderSync.swift */; };
		100000000000000000000006 /* FinderSync.framework in Frameworks */ = {isa = PBXBuildFile; fileRef = 20000000000000000000000A /* FinderSync.framework */; };
		100000000000000000000007 /* SuperRightFinderExtension.appex in Embed App Extensions */ = {isa = PBXBuildFile; fileRef = 200000000000000000000009 /* SuperRightFinderExtension.appex */; settings = {ATTRIBUTES = (RemoveHeadersOnCopy, ); }; };
		100000000000000000000008 /* SuperRightCore in Frameworks */ = {isa = PBXBuildFile; productRef = 300000000000000000000001 /* SuperRightCore */; };
		100000000000000000000009 /* SuperRightCore in Frameworks */ = {isa = PBXBuildFile; productRef = 300000000000000000000002 /* SuperRightCore */; };
		10000000000000000000000A /* ApplicationRegistryModel.swift in Sources */ = {isa = PBXBuildFile; fileRef = 20000000000000000000000D /* ApplicationRegistryModel.swift */; };
		10000000000000000000000B /* DirectoryHistoryModel.swift in Sources */ = {isa = PBXBuildFile; fileRef = 20000000000000000000000E /* DirectoryHistoryModel.swift */; };
		10000000000000000000000C /* ToolboxConfigurationModel.swift in Sources */ = {isa = PBXBuildFile; fileRef = 20000000000000000000000F /* ToolboxConfigurationModel.swift */; };
		10000000000000000000000D /* LoginItemModel.swift in Sources */ = {isa = PBXBuildFile; fileRef = 200000000000000000000010 /* LoginItemModel.swift */; };
/* End PBXBuildFile section */

/* Begin PBXContainerItemProxy section */
		400000000000000000000001 /* PBXContainerItemProxy */ = {
			isa = PBXContainerItemProxy;
			containerPortal = 500000000000000000000001 /* Project object */;
			proxyType = 1;
			remoteGlobalIDString = 600000000000000000000002;
			remoteInfo = SuperRightFinderExtension;
		};
/* End PBXContainerItemProxy section */

/* Begin PBXCopyFilesBuildPhase section */
		700000000000000000000001 /* Embed App Extensions */ = {
			isa = PBXCopyFilesBuildPhase;
			buildActionMask = 2147483647;
			dstPath = "";
			dstSubfolderSpec = 13;
			files = (
				100000000000000000000007 /* SuperRightFinderExtension.appex in Embed App Extensions */,
			);
			name = "Embed App Extensions";
			runOnlyForDeploymentPostprocessing = 0;
		};
/* End PBXCopyFilesBuildPhase section */

/* Begin PBXFileReference section */
		200000000000000000000001 /* SuperRightApp.swift */ = {isa = PBXFileReference; lastKnownFileType = sourcecode.swift; path = SuperRightApp.swift; sourceTree = "<group>"; };
		200000000000000000000002 /* SharedDefaults.swift */ = {isa = PBXFileReference; lastKnownFileType = sourcecode.swift; path = SharedDefaults.swift; sourceTree = "<group>"; };
		200000000000000000000003 /* SettingsRootView.swift */ = {isa = PBXFileReference; lastKnownFileType = sourcecode.swift; path = SettingsRootView.swift; sourceTree = "<group>"; };
		200000000000000000000004 /* Assets.xcassets */ = {isa = PBXFileReference; lastKnownFileType = folder.assetcatalog; path = Assets.xcassets; sourceTree = "<group>"; };
		200000000000000000000005 /* FinderSync.swift */ = {isa = PBXFileReference; lastKnownFileType = sourcecode.swift; path = FinderSync.swift; sourceTree = "<group>"; };
		200000000000000000000006 /* Info.plist */ = {isa = PBXFileReference; lastKnownFileType = text.plist.xml; path = Info.plist; sourceTree = "<group>"; };
		200000000000000000000007 /* SuperRightApp.entitlements */ = {isa = PBXFileReference; lastKnownFileType = text.plist.entitlements; path = SuperRightApp.entitlements; sourceTree = "<group>"; };
		200000000000000000000008 /* SuperRightFinderExtension.entitlements */ = {isa = PBXFileReference; lastKnownFileType = text.plist.entitlements; path = SuperRightFinderExtension.entitlements; sourceTree = "<group>"; };
		200000000000000000000009 /* SuperRightFinderExtension.appex */ = {isa = PBXFileReference; explicitFileType = "wrapper.app-extension"; includeInIndex = 0; path = SuperRightFinderExtension.appex; sourceTree = BUILT_PRODUCTS_DIR; };
		20000000000000000000000A /* FinderSync.framework */ = {isa = PBXFileReference; lastKnownFileType = wrapper.framework; name = FinderSync.framework; path = System/Library/Frameworks/FinderSync.framework; sourceTree = SDKROOT; };
		20000000000000000000000B /* Magic Right.app */ = {isa = PBXFileReference; explicitFileType = wrapper.application; includeInIndex = 0; path = "Magic Right.app"; sourceTree = BUILT_PRODUCTS_DIR; };
		20000000000000000000000C /* Info.plist */ = {isa = PBXFileReference; lastKnownFileType = text.plist.xml; path = Info.plist; sourceTree = "<group>"; };
		20000000000000000000000D /* ApplicationRegistryModel.swift */ = {isa = PBXFileReference; lastKnownFileType = sourcecode.swift; path = ApplicationRegistryModel.swift; sourceTree = "<group>"; };
		20000000000000000000000E /* DirectoryHistoryModel.swift */ = {isa = PBXFileReference; lastKnownFileType = sourcecode.swift; path = DirectoryHistoryModel.swift; sourceTree = "<group>"; };
		20000000000000000000000F /* ToolboxConfigurationModel.swift */ = {isa = PBXFileReference; lastKnownFileType = sourcecode.swift; path = ToolboxConfigurationModel.swift; sourceTree = "<group>"; };
		200000000000000000000010 /* LoginItemModel.swift */ = {isa = PBXFileReference; lastKnownFileType = sourcecode.swift; path = LoginItemModel.swift; sourceTree = "<group>"; };
/* End PBXFileReference section */

/* Begin PBXFrameworksBuildPhase section */
		700000000000000000000002 /* Frameworks */ = {
			isa = PBXFrameworksBuildPhase;
			buildActionMask = 2147483647;
			files = (
				100000000000000000000008 /* SuperRightCore in Frameworks */,
			);
			runOnlyForDeploymentPostprocessing = 0;
		};
		700000000000000000000003 /* Frameworks */ = {
			isa = PBXFrameworksBuildPhase;
			buildActionMask = 2147483647;
			files = (
				100000000000000000000006 /* FinderSync.framework in Frameworks */,
				100000000000000000000009 /* SuperRightCore in Frameworks */,
			);
			runOnlyForDeploymentPostprocessing = 0;
		};
/* End PBXFrameworksBuildPhase section */

/* Begin PBXGroup section */
		800000000000000000000001 = {
			isa = PBXGroup;
			children = (
				800000000000000000000002 /* SuperRightApp */,
				800000000000000000000003 /* SuperRightFinderExtension */,
				800000000000000000000004 /* Frameworks */,
				800000000000000000000005 /* Products */,
			);
			sourceTree = "<group>";
		};
		800000000000000000000002 /* SuperRightApp */ = {
			isa = PBXGroup;
			children = (
				200000000000000000000001 /* SuperRightApp.swift */,
				200000000000000000000002 /* SharedDefaults.swift */,
				200000000000000000000003 /* SettingsRootView.swift */,
				20000000000000000000000D /* ApplicationRegistryModel.swift */,
				20000000000000000000000E /* DirectoryHistoryModel.swift */,
				20000000000000000000000F /* ToolboxConfigurationModel.swift */,
				200000000000000000000010 /* LoginItemModel.swift */,
				200000000000000000000004 /* Assets.xcassets */,
				20000000000000000000000C /* Info.plist */,
				200000000000000000000007 /* SuperRightApp.entitlements */,
			);
			path = SuperRightApp;
			sourceTree = "<group>";
		};
		800000000000000000000003 /* SuperRightFinderExtension */ = {
			isa = PBXGroup;
			children = (
				200000000000000000000005 /* FinderSync.swift */,
				200000000000000000000006 /* Info.plist */,
				200000000000000000000008 /* SuperRightFinderExtension.entitlements */,
			);
			path = SuperRightFinderExtension;
			sourceTree = "<group>";
		};
		800000000000000000000004 /* Frameworks */ = {
			isa = PBXGroup;
			children = (
				20000000000000000000000A /* FinderSync.framework */,
			);
			name = Frameworks;
			sourceTree = "<group>";
		};
		800000000000000000000005 /* Products */ = {
			isa = PBXGroup;
			children = (
				20000000000000000000000B /* Magic Right.app */,
				200000000000000000000009 /* SuperRightFinderExtension.appex */,
			);
			name = Products;
			sourceTree = "<group>";
		};
/* End PBXGroup section */

/* Begin PBXNativeTarget section */
		600000000000000000000001 /* SuperRight */ = {
			isa = PBXNativeTarget;
			buildConfigurationList = 900000000000000000000002 /* Build configuration list for PBXNativeTarget "SuperRight" */;
			buildPhases = (
				700000000000000000000004 /* Sources */,
				700000000000000000000002 /* Frameworks */,
				700000000000000000000005 /* Resources */,
				700000000000000000000001 /* Embed App Extensions */,
			);
			buildRules = (
			);
			dependencies = (
				A00000000000000000000001 /* PBXTargetDependency */,
			);
			name = SuperRight;
			packageProductDependencies = (
				300000000000000000000001 /* SuperRightCore */,
			);
			productName = SuperRight;
			productReference = 20000000000000000000000B /* Magic Right.app */;
			productType = "com.apple.product-type.application";
		};
		600000000000000000000002 /* SuperRightFinderExtension */ = {
			isa = PBXNativeTarget;
			buildConfigurationList = 900000000000000000000003 /* Build configuration list for PBXNativeTarget "SuperRightFinderExtension" */;
			buildPhases = (
				700000000000000000000006 /* Sources */,
				700000000000000000000003 /* Frameworks */,
				700000000000000000000007 /* Resources */,
			);
			buildRules = (
			);
			dependencies = (
			);
			name = SuperRightFinderExtension;
			packageProductDependencies = (
				300000000000000000000002 /* SuperRightCore */,
			);
			productName = SuperRightFinderExtension;
			productReference = 200000000000000000000009 /* SuperRightFinderExtension.appex */;
			productType = "com.apple.product-type.app-extension";
		};
/* End PBXNativeTarget section */

/* Begin PBXProject section */
		500000000000000000000001 /* Project object */ = {
			isa = PBXProject;
			attributes = {
				BuildIndependentTargetsInParallel = 1;
				LastSwiftUpdateCheck = 2660;
				LastUpgradeCheck = 2660;
				TargetAttributes = {
					600000000000000000000001 = {
						CreatedOnToolsVersion = 26.6;
					};
					600000000000000000000002 = {
						CreatedOnToolsVersion = 26.6;
					};
				};
			};
			buildConfigurationList = 900000000000000000000001 /* Build configuration list for PBXProject "SuperRight" */;
			developmentRegion = en;
			hasScannedForEncodings = 0;
			knownRegions = (
				en,
				Base,
				zh-Hans,
			);
			mainGroup = 800000000000000000000001;
			minimizedProjectReferenceProxies = 1;
			packageReferences = (
				B00000000000000000000001 /* XCLocalSwiftPackageReference "Packages/SuperRightCore" */,
			);
			preferredProjectObjectVersion = 77;
			productRefGroup = 800000000000000000000005 /* Products */;
			projectDirPath = "";
			projectRoot = "";
			targets = (
				600000000000000000000001 /* SuperRight */,
				600000000000000000000002 /* SuperRightFinderExtension */,
			);
		};
/* End PBXProject section */

/* Begin PBXResourcesBuildPhase section */
		700000000000000000000005 /* Resources */ = {
			isa = PBXResourcesBuildPhase;
			buildActionMask = 2147483647;
			files = (
				100000000000000000000004 /* Assets.xcassets in Resources */,
			);
			runOnlyForDeploymentPostprocessing = 0;
		};
		700000000000000000000007 /* Resources */ = {
			isa = PBXResourcesBuildPhase;
			buildActionMask = 2147483647;
			files = (
			);
			runOnlyForDeploymentPostprocessing = 0;
		};
/* End PBXResourcesBuildPhase section */

/* Begin PBXSourcesBuildPhase section */
		700000000000000000000004 /* Sources */ = {
			isa = PBXSourcesBuildPhase;
			buildActionMask = 2147483647;
			files = (
				100000000000000000000001 /* SuperRightApp.swift in Sources */,
				100000000000000000000002 /* SharedDefaults.swift in Sources */,
				100000000000000000000003 /* SettingsRootView.swift in Sources */,
				10000000000000000000000A /* ApplicationRegistryModel.swift in Sources */,
				10000000000000000000000B /* DirectoryHistoryModel.swift in Sources */,
				10000000000000000000000C /* ToolboxConfigurationModel.swift in Sources */,
				10000000000000000000000D /* LoginItemModel.swift in Sources */,
			);
			runOnlyForDeploymentPostprocessing = 0;
		};
		700000000000000000000006 /* Sources */ = {
			isa = PBXSourcesBuildPhase;
			buildActionMask = 2147483647;
			files = (
				100000000000000000000005 /* FinderSync.swift in Sources */,
			);
			runOnlyForDeploymentPostprocessing = 0;
		};
/* End PBXSourcesBuildPhase section */

/* Begin PBXTargetDependency section */
		A00000000000000000000001 /* PBXTargetDependency */ = {
			isa = PBXTargetDependency;
			target = 600000000000000000000002 /* SuperRightFinderExtension */;
			targetProxy = 400000000000000000000001 /* PBXContainerItemProxy */;
		};
/* End PBXTargetDependency section */

/* Begin XCBuildConfiguration section */
		C00000000000000000000001 /* Debug */ = {
			isa = XCBuildConfiguration;
			buildSettings = {
				ALWAYS_SEARCH_USER_PATHS = NO;
				CLANG_ANALYZER_NONNULL = YES;
				CLANG_ANALYZER_NUMBER_OBJECT_CONVERSION = YES_AGGRESSIVE;
				CLANG_CXX_LANGUAGE_STANDARD = "gnu++20";
				CLANG_ENABLE_MODULES = YES;
				CLANG_ENABLE_OBJC_ARC = YES;
				CLANG_ENABLE_OBJC_WEAK = YES;
				CLANG_WARN_BLOCK_CAPTURE_AUTORELEASING = YES;
				CLANG_WARN_BOOL_CONVERSION = YES;
				CLANG_WARN_COMMA = YES;
				CLANG_WARN_CONSTANT_CONVERSION = YES;
				CLANG_WARN_DEPRECATED_OBJC_IMPLEMENTATIONS = YES;
				CLANG_WARN_DIRECT_OBJC_ISA_USAGE = YES_ERROR;
				CLANG_WARN_DOCUMENTATION_COMMENTS = YES;
				CLANG_WARN_EMPTY_BODY = YES;
				CLANG_WARN_ENUM_CONVERSION = YES;
				CLANG_WARN_INFINITE_RECURSION = YES;
				CLANG_WARN_INT_CONVERSION = YES;
				CLANG_WARN_NON_LITERAL_NULL_CONVERSION = YES;
				CLANG_WARN_OBJC_IMPLICIT_RETAIN_SELF = YES;
				CLANG_WARN_OBJC_LITERAL_CONVERSION = YES;
				CLANG_WARN_OBJC_ROOT_CLASS = YES_ERROR;
				CLANG_WARN_QUOTED_INCLUDE_IN_FRAMEWORK_HEADER = YES;
				CLANG_WARN_RANGE_LOOP_ANALYSIS = YES;
				CLANG_WARN_STRICT_PROTOTYPES = YES;
				CLANG_WARN_SUSPICIOUS_MOVE = YES;
				CLANG_WARN_UNGUARDED_AVAILABILITY = YES_AGGRESSIVE;
				CLANG_WARN_UNREACHABLE_CODE = YES;
				CLANG_WARN__DUPLICATE_METHOD_MATCH = YES;
				COPY_PHASE_STRIP = NO;
				DEBUG_INFORMATION_FORMAT = dwarf;
				ENABLE_STRICT_OBJC_MSGSEND = YES;
				ENABLE_TESTABILITY = YES;
				GCC_C_LANGUAGE_STANDARD = gnu17;
				GCC_DYNAMIC_NO_PIC = NO;
				GCC_NO_COMMON_BLOCKS = YES;
				GCC_OPTIMIZATION_LEVEL = 0;
				GCC_PREPROCESSOR_DEFINITIONS = ("DEBUG=1", "$(inherited)", );
				GCC_WARN_64_TO_32_BIT_CONVERSION = YES;
				GCC_WARN_ABOUT_RETURN_TYPE = YES_ERROR;
				GCC_WARN_UNDECLARED_SELECTOR = YES;
				GCC_WARN_UNINITIALIZED_AUTOS = YES_AGGRESSIVE;
				GCC_WARN_UNUSED_FUNCTION = YES;
				GCC_WARN_UNUSED_VARIABLE = YES;
				LOCALIZATION_PREFERS_STRING_CATALOGS = YES;
				MACOSX_DEPLOYMENT_TARGET = 15.0;
				MTL_ENABLE_DEBUG_INFO = INCLUDE_SOURCE;
				MTL_FAST_MATH = YES;
				ONLY_ACTIVE_ARCH = YES;
				SDKROOT = macosx;
				SWIFT_ACTIVE_COMPILATION_CONDITIONS = "DEBUG $(inherited)";
				SWIFT_OPTIMIZATION_LEVEL = "-Onone";
			};
			name = Debug;
		};
		C00000000000000000000002 /* Release */ = {
			isa = XCBuildConfiguration;
			buildSettings = {
				ALWAYS_SEARCH_USER_PATHS = NO;
				CLANG_ANALYZER_NONNULL = YES;
				CLANG_ANALYZER_NUMBER_OBJECT_CONVERSION = YES_AGGRESSIVE;
				CLANG_CXX_LANGUAGE_STANDARD = "gnu++20";
				CLANG_ENABLE_MODULES = YES;
				CLANG_ENABLE_OBJC_ARC = YES;
				CLANG_ENABLE_OBJC_WEAK = YES;
				CLANG_WARN_BLOCK_CAPTURE_AUTORELEASING = YES;
				CLANG_WARN_BOOL_CONVERSION = YES;
				CLANG_WARN_COMMA = YES;
				CLANG_WARN_CONSTANT_CONVERSION = YES;
				CLANG_WARN_DEPRECATED_OBJC_IMPLEMENTATIONS = YES;
				CLANG_WARN_DIRECT_OBJC_ISA_USAGE = YES_ERROR;
				CLANG_WARN_DOCUMENTATION_COMMENTS = YES;
				CLANG_WARN_EMPTY_BODY = YES;
				CLANG_WARN_ENUM_CONVERSION = YES;
				CLANG_WARN_INFINITE_RECURSION = YES;
				CLANG_WARN_INT_CONVERSION = YES;
				CLANG_WARN_NON_LITERAL_NULL_CONVERSION = YES;
				CLANG_WARN_OBJC_IMPLICIT_RETAIN_SELF = YES;
				CLANG_WARN_OBJC_LITERAL_CONVERSION = YES;
				CLANG_WARN_OBJC_ROOT_CLASS = YES_ERROR;
				CLANG_WARN_QUOTED_INCLUDE_IN_FRAMEWORK_HEADER = YES;
				CLANG_WARN_RANGE_LOOP_ANALYSIS = YES;
				CLANG_WARN_STRICT_PROTOTYPES = YES;
				CLANG_WARN_SUSPICIOUS_MOVE = YES;
				CLANG_WARN_UNGUARDED_AVAILABILITY = YES_AGGRESSIVE;
				CLANG_WARN_UNREACHABLE_CODE = YES;
				CLANG_WARN__DUPLICATE_METHOD_MATCH = YES;
				COPY_PHASE_STRIP = NO;
				DEBUG_INFORMATION_FORMAT = "dwarf-with-dsym";
				ENABLE_NS_ASSERTIONS = NO;
				ENABLE_STRICT_OBJC_MSGSEND = YES;
				GCC_C_LANGUAGE_STANDARD = gnu17;
				GCC_NO_COMMON_BLOCKS = YES;
				GCC_WARN_64_TO_32_BIT_CONVERSION = YES;
				GCC_WARN_ABOUT_RETURN_TYPE = YES_ERROR;
				GCC_WARN_UNDECLARED_SELECTOR = YES;
				GCC_WARN_UNINITIALIZED_AUTOS = YES_AGGRESSIVE;
				GCC_WARN_UNUSED_FUNCTION = YES;
				GCC_WARN_UNUSED_VARIABLE = YES;
				LOCALIZATION_PREFERS_STRING_CATALOGS = YES;
				MACOSX_DEPLOYMENT_TARGET = 15.0;
				MTL_ENABLE_DEBUG_INFO = NO;
				MTL_FAST_MATH = YES;
				SDKROOT = macosx;
				SWIFT_COMPILATION_MODE = wholemodule;
			};
			name = Release;
		};
		C00000000000000000000003 /* Debug */ = {
			isa = XCBuildConfiguration;
			buildSettings = {
				ASSETCATALOG_COMPILER_APPICON_NAME = AppIcon;
				CODE_SIGN_ENTITLEMENTS = SuperRightApp/SuperRightApp.entitlements;
				CODE_SIGN_STYLE = Automatic;
				COMBINE_HIDPI_IMAGES = YES;
				CURRENT_PROJECT_VERSION = 1;
				ENABLE_APP_SANDBOX = NO;
				ENABLE_HARDENED_RUNTIME = YES;
				GENERATE_INFOPLIST_FILE = NO;
				INFOPLIST_FILE = SuperRightApp/Info.plist;
				LD_RUNPATH_SEARCH_PATHS = ("$(inherited)", "@executable_path/../Frameworks", );
				MARKETING_VERSION = 0.1.0;
				PRODUCT_BUNDLE_IDENTIFIER = dev.magicright.app;
				PRODUCT_NAME = "Magic Right";
				SWIFT_EMIT_LOC_STRINGS = YES;
				SWIFT_STRICT_CONCURRENCY = complete;
				SWIFT_VERSION = 6.0;
			};
			name = Debug;
		};
		C00000000000000000000004 /* Release */ = {
			isa = XCBuildConfiguration;
			buildSettings = {
				ASSETCATALOG_COMPILER_APPICON_NAME = AppIcon;
				CODE_SIGN_ENTITLEMENTS = SuperRightApp/SuperRightApp.entitlements;
				CODE_SIGN_STYLE = Automatic;
				COMBINE_HIDPI_IMAGES = YES;
				CURRENT_PROJECT_VERSION = 1;
				ENABLE_APP_SANDBOX = NO;
				ENABLE_HARDENED_RUNTIME = YES;
				GENERATE_INFOPLIST_FILE = NO;
				INFOPLIST_FILE = SuperRightApp/Info.plist;
				LD_RUNPATH_SEARCH_PATHS = ("$(inherited)", "@executable_path/../Frameworks", );
				MARKETING_VERSION = 0.1.0;
				PRODUCT_BUNDLE_IDENTIFIER = dev.magicright.app;
				PRODUCT_NAME = "Magic Right";
				SWIFT_EMIT_LOC_STRINGS = YES;
				SWIFT_STRICT_CONCURRENCY = complete;
				SWIFT_VERSION = 6.0;
			};
			name = Release;
		};
		C00000000000000000000005 /* Debug */ = {
			isa = XCBuildConfiguration;
			buildSettings = {
				CODE_SIGN_ENTITLEMENTS = SuperRightFinderExtension/SuperRightFinderExtension.entitlements;
				CODE_SIGN_STYLE = Automatic;
				COMBINE_HIDPI_IMAGES = YES;
				CURRENT_PROJECT_VERSION = 1;
				ENABLE_APP_SANDBOX = YES;
				ENABLE_HARDENED_RUNTIME = YES;
				GENERATE_INFOPLIST_FILE = NO;
				INFOPLIST_FILE = SuperRightFinderExtension/Info.plist;
				LD_RUNPATH_SEARCH_PATHS = ("$(inherited)", "@executable_path/../Frameworks", "@executable_path/../../../../Frameworks", );
				MARKETING_VERSION = 0.1.0;
				PRODUCT_BUNDLE_IDENTIFIER = "dev.magicright.app.finder-extension";
				PRODUCT_NAME = SuperRightFinderExtension;
				SKIP_INSTALL = YES;
				SWIFT_EMIT_LOC_STRINGS = YES;
				SWIFT_STRICT_CONCURRENCY = complete;
				SWIFT_VERSION = 6.0;
			};
			name = Debug;
		};
		C00000000000000000000006 /* Release */ = {
			isa = XCBuildConfiguration;
			buildSettings = {
				CODE_SIGN_ENTITLEMENTS = SuperRightFinderExtension/SuperRightFinderExtension.entitlements;
				CODE_SIGN_STYLE = Automatic;
				COMBINE_HIDPI_IMAGES = YES;
				CURRENT_PROJECT_VERSION = 1;
				ENABLE_APP_SANDBOX = YES;
				ENABLE_HARDENED_RUNTIME = YES;
				GENERATE_INFOPLIST_FILE = NO;
				INFOPLIST_FILE = SuperRightFinderExtension/Info.plist;
				LD_RUNPATH_SEARCH_PATHS = ("$(inherited)", "@executable_path/../Frameworks", "@executable_path/../../../../Frameworks", );
				MARKETING_VERSION = 0.1.0;
				PRODUCT_BUNDLE_IDENTIFIER = "dev.magicright.app.finder-extension";
				PRODUCT_NAME = SuperRightFinderExtension;
				SKIP_INSTALL = YES;
				SWIFT_EMIT_LOC_STRINGS = YES;
				SWIFT_STRICT_CONCURRENCY = complete;
				SWIFT_VERSION = 6.0;
			};
			name = Release;
		};
/* End XCBuildConfiguration section */

/* Begin XCConfigurationList section */
		900000000000000000000001 /* Build configuration list for PBXProject "SuperRight" */ = {
			isa = XCConfigurationList;
			buildConfigurations = (
				C00000000000000000000001 /* Debug */,
				C00000000000000000000002 /* Release */,
			);
			defaultConfigurationIsVisible = 0;
			defaultConfigurationName = Release;
		};
		900000000000000000000002 /* Build configuration list for PBXNativeTarget "SuperRight" */ = {
			isa = XCConfigurationList;
			buildConfigurations = (
				C00000000000000000000003 /* Debug */,
				C00000000000000000000004 /* Release */,
			);
			defaultConfigurationIsVisible = 0;
			defaultConfigurationName = Release;
		};
		900000000000000000000003 /* Build configuration list for PBXNativeTarget "SuperRightFinderExtension" */ = {
			isa = XCConfigurationList;
			buildConfigurations = (
				C00000000000000000000005 /* Debug */,
				C00000000000000000000006 /* Release */,
			);
			defaultConfigurationIsVisible = 0;
			defaultConfigurationName = Release;
		};
/* End XCConfigurationList section */

/* Begin XCLocalSwiftPackageReference section */
		B00000000000000000000001 /* XCLocalSwiftPackageReference "Packages/SuperRightCore" */ = {
			isa = XCLocalSwiftPackageReference;
			relativePath = Packages/SuperRightCore;
		};
/* End XCLocalSwiftPackageReference section */

/* Begin XCSwiftPackageProductDependency section */
		300000000000000000000001 /* SuperRightCore */ = {
			isa = XCSwiftPackageProductDependency;
			package = B00000000000000000000001 /* XCLocalSwiftPackageReference "Packages/SuperRightCore" */;
			productName = SuperRightCore;
		};
		300000000000000000000002 /* SuperRightCore */ = {
			isa = XCSwiftPackageProductDependency;
			package = B00000000000000000000001 /* XCLocalSwiftPackageReference "Packages/SuperRightCore" */;
			productName = SuperRightCore;
		};
/* End XCSwiftPackageProductDependency section */
	};
	rootObject = 500000000000000000000001 /* Project object */;
}
